// !$*UTF8*$!
{
	archiveVersion = 1;
	classes = {
	};
	objectVersion = 46;
	objects = {

/* Begin PBXBuildFile section */
		FD94879C1B7D82DB0063FAA9 /* main.m in Sources */ = {isa = PBXBuildFile; fileRef = FD94879B1B7D82DB0063FAA9 /* main.m */; };
		FD94879F1B7D82DB0063FAA9 /* AppDelegate.m in Sources */ = {isa = PBXBuildFile; fileRef = FD94879E1B7D82DB0063FAA9 /* AppDelegate.m */; };
		FD9487A21B7D82DB0063FAA9 /* ViewController.m in Sources */ = {isa = PBXBuildFile; fileRef = FD9487A11B7D82DB0063FAA9 /* ViewController.m */; };
		FD9487A51B7D82DB0063FAA9 /* Main.storyboard in Resources */ = {isa = PBXBuildFile; fileRef = FD9487A31B7D82DB0063FAA9 /* Main.storyboard */; };
		FD9487A71B7D82DB0063FAA9 /* Images.xcassets in Resources */ = {isa = PBXBuildFile; fileRef = FD9487A61B7D82DB0063FAA9 /* Images.xcassets */; };
		FD9487AA1B7D82DB0063FAA9 /* LaunchScreen.xib in Resources */ = {isa = PBXBuildFile; fileRef = FD9487A81B7D82DB0063FAA9 /* LaunchScreen.xib */; };
		FD9487B61B7D82DB0063FAA9 /* UIControlCategoryTests.m in Sources */ = {isa = PBXBuildFile; fileRef = FD9487B51B7D82DB0063FAA9 /* UIControlCategoryTests.m */; };
		FD9487C11B7D831A0063FAA9 /* UIControl+Extend.m in Sources */ = {isa = PBXBuildFile; fileRef = FD9487C01B7D831A0063FAA9 /* UIControl+Extend.m */; };
/* End PBXBuildFile section */

/* Begin PBXContainerItemProxy section */
		FD9487B01B7D82DB0063FAA9 /* PBXContainerItemProxy */ = {
			isa = PBXContainerItemProxy;
			containerPortal = FD94878E1B7D82DB0063FAA9 /* Project object */;
			proxyType = 1;
			remoteGlobalIDString = FD9487951B7D82DB0063FAA9;
			remoteInfo = UIControlCategory;
		};
/* End PBXContainerItemProxy section */

/* Begin PBXFileReference section */
		FD9487961B7D82DB0063FAA9 /* UIControlCategory.app */ = {isa = PBXFileReference; explicitFileType = wrapper.application; includeInIndex = 0; path = UIControlCategory.app; sourceTree = BUILT_PRODUCTS_DIR; };
		FD94879A1B7D82DB0063FAA9 /* Info.plist */ = {isa = PBXFileReference; lastKnownFileType = text.plist.xml; path = Info.plist; sourceTree = "<group>"; };
		FD94879B1B7D82DB0063FAA9 /* main.m */ = {isa = PBXFileReference; lastKnownFileType = sourcecode.c.objc; path = main.m; sourceTree = "<group>"; };
		FD94879D1B7D82DB0063FAA9 /* AppDelegate.h */ = {isa = PBXFileReference; lastKnownFileType = sourcecode.c.h; path = AppDelegate.h; sourceTree = "<group>"; };
		FD94879E1B7D82DB0063FAA9 /* AppDelegate.m */ = {isa = PBXFileReference; lastKnownFileType = sourcecode.c.objc; path = AppDelegate.m; sourceTree = "<group>"; };
		FD9487A01B7D82DB0063FAA9 /* ViewController.h */ = {isa = PBXFileReference; lastKnownFileType = sourcecode.c.h; path = ViewController.h; sourceTree = "<group>"; };
		FD9487A11B7D82DB0063FAA9 /* ViewController.m */ = {isa = PBXFileReference; lastKnownFileType = sourcecode.c.objc; path = ViewController.m; sourceTree = "<group>"; };
		FD9487A41B7D82DB0063FAA9 /* Base */ = {isa = PBXFileReference; lastKnownFileType = file.storyboard; name = Base; path = Base.lproj/Main.storyboard; sourceTree = "<group>"; };
		FD9487A61B7D82DB0063FAA9 /* Images.xcassets */ = {isa = PBXFileReference; lastKnownFileType = folder.assetcatalog; path = Images.xcassets; sourceTree = "<group>"; };
		FD9487A91B7D82DB0063FAA9 /* Base */ = {isa = PBXFileReference; lastKnownFileType = file.xib; name = Base; path = Base.lproj/LaunchScreen.xib; sourceTree = "<group>"; };
		FD9487AF1B7D82DB0063FAA9 /* UIControlCategoryTests.xctest */ = {isa = PBXFileReference; explicitFileType = wrapper.cfbundle; includeInIndex = 0; path = UIControlCategoryTests.xctest; sourceTree = BUILT_PRODUCTS_DIR; };
		FD9487B41B7D82DB0063FAA9 /* Info.plist */ = {isa = PBXFileReference; lastKnownFileType = text.plist.xml; path = Info.plist; sourceTree = "<group>"; };
		FD9487B51B7D82DB0063FAA9 /* UIControlCategoryTests.m */ = {isa = PBXFileReference; lastKnownFileType = sourcecode.c.objc; path = UIControlCategoryTests.m; sourceTree = "<group>"; };
		FD9487BF1B7D831A0063FAA9 /* UIControl+Extend.h */ = {isa = PBXFileReference; fileEncoding = 4; lastKnownFileType = sourcecode.c.h; path = "UIControl+Extend.h"; sourceTree = "<group>"; };
		FD9487C01B7D831A0063FAA9 /* UIControl+Extend.m */ = {isa = PBXFileReference; fileEncoding = 4; lastKnownFileType = sourcecode.c.objc; path = "UIControl+Extend.m"; sourceTree = "<group>"; };
/* End PBXFileReference section */

/* Begin PBXFrameworksBuildPhase section */
		FD9487931B7D82DB0063FAA9 /* Frameworks */ = {
			isa = PBXFrameworksBuildPhase;
			buildActionMask = 2147483647;
			files = (
			);
			runOnlyForDeploymentPostprocessing = 0;
		};
		FD9487AC1B7D82DB0063FAA9 /* Frameworks */ = {
			isa = PBXFrameworksBuildPhase;
			buildActionMask = 2147483647;
			files = (
			);
			runOnlyForDeploymentPostprocessing = 0;
		};
/* End PBXFrameworksBuildPhase section */

/* Begin PBXGroup section */
		FD94878D1B7D82DB0063FAA9 = {
			isa = PBXGroup;
			children = (
				FD9487981B7D82DB0063FAA9 /* UIControlCategory */,
				FD9487B21B7D82DB0063FAA9 /* UIControlCategoryTests */,
				FD9487971B7D82DB0063FAA9 /* Products */,
			);
			sourceTree = "<group>";
		};
		FD9487971B7D82DB0063FAA9 /* Products */ = {
			isa = PBXGroup;
			children = (
				FD9487961B7D82DB0063FAA9 /* UIControlCategory.app */,
				FD9487AF1B7D82DB0063FAA9 /* UIControlCategoryTests.xctest */,
			);
			name = Products;
			sourceTree = "<group>";
		};
		FD9487981B7D82DB0063FAA9 /* UIControlCategory */ = {
			isa = PBXGroup;
			children = (
				FD94879D1B7D82DB0063FAA9 /* AppDelegate.h */,
				FD94879E1B7D82DB0063FAA9 /* AppDelegate.m */,
				FD9487A01B7D82DB0063FAA9 /* ViewController.h */,
				FD9487A11B7D82DB0063FAA9 /* ViewController.m */,
				FD9487BF1B7D831A0063FAA9 /* UIControl+Extend.h */,
				FD9487C01B7D831A0063FAA9 /* UIControl+Extend.m */,
				FD9487A31B7D82DB0063FAA9 /* Main.storyboard */,
				FD9487A61B7D82DB0063FAA9 /* Images.xcassets */,
				FD9487A81B7D82DB0063FAA9 /* LaunchScreen.xib */,
				FD9487991B7D82DB0063FAA9 /* Supporting Files */,
			);
			path = UIControlCategory;
			sourceTree = "<group>";
		};
		FD9487991B7D82DB0063FAA9 /* Supporting Files */ = {
			isa = PBXGroup;
			children = (
				FD94879A1B7D82DB0063FAA9 /* Info.plist */,
				FD94879B1B7D82DB0063FAA9 /* main.m */,
			);
			name = "Supporting Files";
			sourceTree = "<group>";
		};
		FD9487B21B7D82DB0063FAA9 /* UIControlCategoryTests */ = {
			isa = PBXGroup;
			children = (
				FD9487B51B7D82DB0063FAA9 /* UIControlCategoryTests.m */,
				FD9487B31B7D82DB0063FAA9 /* Supporting Files */,
			);
			path = UIControlCategoryTests;
			sourceTree = "<group>";
		};
		FD9487B31B7D82DB0063FAA9 /* Supporting Files */ = {
			isa = PBXGroup;
			children = (
				FD9487B41B7D82DB0063FAA9 /* Info.plist */,
			);
			name = "Supporting Files";
			sourceTree = "<group>";
		};
/* End PBXGroup section */

/* Begin PBXNativeTarget section */
		FD9487951B7D82DB0063FAA9 /* UIControlCategory */ = {
			isa = PBXNativeTarget;
			buildConfigurationList = FD9487B91B7D82DB0063FAA9 /* Build configuration list for PBXNativeTarget "UIControlCategory" */;
			buildPhases = (
				FD9487921B7D82DB0063FAA9 /* Sources */,
				FD9487931B7D82DB0063FAA9 /* Frameworks */,
				FD9487941B7D82DB0063FAA9 /* Resources */,
				FD7DC0D71B91FE7D00A181DA /* ShellScript */,
			);
			buildRules = (
			);
			dependencies = (
			);
			name = UIControlCategory;
			productName = UIControlCategory;
			productReference = FD9487961B7D82DB0063FAA9 /* UIControlCategory.app */;
			productType = "com.apple.product-type.application";
		};
		FD9487AE1B7D82DB0063FAA9 /* UIControlCategoryTests */ = {
			isa = PBXNativeTarget;
			buildConfigurationList = FD9487BC1B7D82DB0063FAA9 /* Build configuration list for PBXNativeTarget "UIControlCategoryTests" */;
			buildPhases = (
				FD9487AB1B7D82DB0063FAA9 /* Sources */,
				FD9487AC1B7D82DB0063FAA9 /* Frameworks */,
				FD9487AD1B7D82DB0063FAA9 /* Resources */,
			);
			buildRules = (
			);
			dependencies = (
				FD9487B11B7D82DB0063FAA9 /* PBXTargetDependency */,
			);
			name = UIControlCategoryTests;
			productName = UIControlCategoryTests;
			productReference = FD9487AF1B7D82DB0063FAA9 /* UIControlCategoryTests.xctest */;
			productType = "com.apple.product-type.bundle.unit-test";
		};
/* End PBXNativeTarget section */

/* Begin PBXProject section */
		FD94878E1B7D82DB0063FAA9 /* Project object */ = {
			isa = PBXProject;
			attributes = {
				LastUpgradeCheck = 0640;
				ORGANIZATIONNAME = Herry;
				TargetAttributes = {
					FD9487951B7D82DB0063FAA9 = {
						CreatedOnToolsVersion = 6.4;
					};
					FD9487AE1B7D82DB0063FAA9 = {
						CreatedOnToolsVersion = 6.4;
						TestTargetID = FD9487951B7D82DB0063FAA9;
					};
				};
			};
			buildConfigurationList = FD9487911B7D82DB0063FAA9 /* Build configuration list for PBXProject "UIControlCategory" */;
			compatibilityVersion = "Xcode 3.2";
			developmentRegion = English;
			hasScannedForEncodings = 0;
			knownRegions = (
				en,
				Base,
			);
			mainGroup = FD94878D1B7D82DB0063FAA9;
			productRefGroup = FD9487971B7D82DB0063FAA9 /* Products */;
			projectDirPath = "";
			projectRoot = "";
			targets = (
				FD9487951B7D82DB0063FAA9 /* UIControlCategory */,
				FD9487AE1B7D82DB0063FAA9 /* UIControlCategoryTests */,
			);
		};
/* End PBXProject section */

/* Begin PBXResourcesBuildPhase section */
		FD9487941B7D82DB0063FAA9 /* Resources */ = {
			isa = PBXResourcesBuildPhase;
			buildActionMask = 2147483647;
			files = (
				FD9487A51B7D82DB0063FAA9 /* Main.storyboard in Resources */,
				FD9487AA1B7D82DB0063FAA9 /* LaunchScreen.xib in Resources */,
				FD9487A71B7D82DB0063FAA9 /* Images.xcassets in Resources */,
			);
			runOnlyForDeploymentPostprocessing = 0;
		};
		FD9487AD1B7D82DB0063FAA9 /* Resources */ = {
			isa = PBXResourcesBuildPhase;
			buildActionMask = 2147483647;
			files = (
			);
			runOnlyForDeploymentPostprocessing = 0;
		};
/* End PBXResourcesBuildPhase section */

/* Begin PBXShellScriptBuildPhase section */
		FD7DC0D71B91FE7D00A181DA /* ShellScript */ = {
			isa = PBXShellScriptBuildPhase;
			buildActionMask = 2147483647;
			files = (
			);
			inputPaths = (
			);
			outputPaths = (
			);
			runOnlyForDeploymentPostprocessing = 0;
			shellPath = /bin/sh;
			shellScript = "echo \"Current Build Configuration : ${CONFIGURATION}\"\nif [ \"Release\" != \"${CONFIGURATION}\" ]; then\n\nPATH=${PATH}:/usr/local/bin\n\nIFS=$'\\n'\nbuildNumber=$(/usr/libexec/PlistBuddy -c \"Print CFBundleVersion\" \"${PROJECT_DIR}/${INFOPLIST_FILE}\")\n\nversionNumber=$(/usr/libexec/PlistBuddy -c \"Print CFBundleShortVersionString\" \"${PROJECT_DIR}/${INFOPLIST_FILE}\")\n\nfunction generateIcon () {\n    \n    BASE_IMAGE_NAME=$1\n    \n    BASE_IMAGE_PATH=$(find ${SRCROOT} -name ${BASE_IMAGE_NAME})\n    \n    TARGET_PATH=\"${BUILT_PRODUCTS_DIR}/${UNLOCALIZED_RESOURCES_FOLDER_PATH}/${BASE_IMAGE_NAME}\"\n    \n    WIDTH=$(identify -format %w ${BASE_IMAGE_PATH})\n    \n    FONT_SIZE=$(echo \"$WIDTH * .2\" | bc -l)\n    \n    echo \"use font size $FONT_SIZE, version:$versionNumber, build:$buildNumber\"\n    \n    echo ${TARGET_PATH}\n    \n    convert ${BASE_IMAGE_PATH} -fill white  -font Times-Bold \\\n    -pointsize ${FONT_SIZE} -gravity south -annotate 0 \"$versionNumber $buildNumber\" ${TARGET_PATH}\n}\nif hash convert 2>/dev/null; then\ngenerateIcon \"AppIcon60x60@2x.png\"\ngenerateIcon \"AppIcon60x60@3x.png\"\nelse\necho \"ImageMagick not installed.\"\nfi\n\nfi";
		};
/* End PBXShellScriptBuildPhase section */

/* Begin PBXSourcesBuildPhase section */
		FD9487921B7D82DB0063FAA9 /* Sources */ = {
			isa = PBXSourcesBuildPhase;
			buildActionMask = 2147483647;
			files = (
				FD9487A21B7D82DB0063FAA9 /* ViewController.m in Sources */,
				FD94879F1B7D82DB0063FAA9 /* AppDelegate.m in Sources */,
				FD94879C1B7D82DB0063FAA9 /* main.m in Sources */,
				FD9487C11B7D831A0063FAA9 /* UIControl+Extend.m in Sources */,
			);
			runOnlyForDeploymentPostprocessing = 0;
		};
		FD9487AB1B7D82DB0063FAA9 /* Sources */ = {
			isa = PBXSourcesBuildPhase;
			buildActionMask = 2147483647;
			files = (
				FD9487B61B7D82DB0063FAA9 /* UIControlCategoryTests.m in Sources */,
			);
			runOnlyForDeploymentPostprocessing = 0;
		};
/* End PBXSourcesBuildPhase section */

/* Begin PBXTargetDependency section */
		FD9487B11B7D82DB0063FAA9 /* PBXTargetDependency */ = {
			isa = PBXTargetDependency;
			target = FD9487951B7D82DB0063FAA9 /* UIControlCategory */;
			targetProxy = FD9487B01B7D82DB0063FAA9 /* PBXContainerItemProxy */;
		};
/* End PBXTargetDependency section */

/* Begin PBXVariantGroup section */
		FD9487A31B7D82DB0063FAA9 /* Main.storyboard */ = {
			isa = PBXVariantGroup;
			children = (
				FD9487A41B7D82DB0063FAA9 /* Base */,
			);
			name = Main.storyboard;
			sourceTree = "<group>";
		};
		FD9487A81B7D82DB0063FAA9 /* LaunchScreen.xib */ = {
			isa = PBXVariantGroup;
			children = (
				FD9487A91B7D82DB0063FAA9 /* Base */,
			);
			name = LaunchScreen.xib;
			sourceTree = "<group>";
		};
/* End PBXVariantGroup section */

/* Begin XCBuildConfiguration section */
		FD9487B71B7D82DB0063FAA9 /* Debug */ = {
			isa = XCBuildConfiguration;
			buildSettings = {
				ALWAYS_SEARCH_USER_PATHS = NO;
				CLANG_CXX_LANGUAGE_STANDARD = "gnu++0x";
				CLANG_CXX_LIBRARY = "libc++";
				CLANG_ENABLE_MODULES = YES;
				CLANG_ENABLE_OBJC_ARC = YES;
				CLANG_WARN_BOOL_CONVERSION = YES;
				CLANG_WARN_CONSTANT_CONVERSION = YES;
				CLANG_WARN_DIRECT_OBJC_ISA_USAGE = YES_ERROR;
				CLANG_WARN_EMPTY_BODY = YES;
				CLANG_WARN_ENUM_CONVERSION = YES;
				CLANG_WARN_INT_CONVERSION = YES;
				CLANG_WARN_OBJC_ROOT_CLASS = YES_ERROR;
				CLANG_WARN_UNREACHABLE_CODE = YES;
				CLANG_WARN__DUPLICATE_METHOD_MATCH = YES;
				"CODE_SIGN_IDENTITY[sdk=iphoneos*]" = "iPhone Developer";
				COPY_PHASE_STRIP = NO;
				DEBUG_INFORMATION_FORMAT = "dwarf-with-dsym";
				ENABLE_STRICT_OBJC_MSGSEND = YES;
				GCC_C_LANGUAGE_STANDARD = gnu99;
				GCC_DYNAMIC_NO_PIC = NO;
				GCC_NO_COMMON_BLOCKS = YES;
				GCC_OPTIMIZATION_LEVEL = 0;
				GCC_PREPROCESSOR_DEFINITIONS = (
					"DEBUG=1",
					"$(inherited)",
				);
				GCC_SYMBOLS_PRIVATE_EXTERN = NO;
				GCC_WARN_64_TO_32_BIT_CONVERSION = YES;
				GCC_WARN_ABOUT_RETURN_TYPE = YES_ERROR;
				GCC_WARN_UNDECLARED_SELECTOR = YES;
				GCC_WARN_UNINITIALIZED_AUTOS = YES_AGGRESSIVE;
				GCC_WARN_UNUSED_FUNCTION = YES;
				GCC_WARN_UNUSED_VARIABLE = YES;
				IPHONEOS_DEPLOYMENT_TARGET = 8.4;
				MTL_ENABLE_DEBUG_INFO = YES;
				ONLY_ACTIVE_ARCH = YES;
				SDKROOT = iphoneos;
			};
			name = Debug;
		};
		FD9487B81B7D82DB0063FAA9 /* Release */ = {
			isa = XCBuildConfiguration;
			buildSettings = {
				ALWAYS_SEARCH_USER_PATHS = NO;
				CLANG_CXX_LANGUAGE_STANDARD = "gnu++0x";
				CLANG_CXX_LIBRARY = "libc++";
				CLANG_ENABLE_MODULES = YES;
				CLANG_ENABLE_OBJC_ARC = YES;
				CLANG_WARN_BOOL_CONVERSION = YES;
				CLANG_WARN_CONSTANT_CONVERSION = YES;
				CLANG_WARN_DIRECT_OBJC_ISA_USAGE = YES_ERROR;
				CLANG_WARN_EMPTY_BODY = YES;
				CLANG_WARN_ENUM_CONVERSION = YES;
				CLANG_WARN_INT_CONVERSION = YES;
				CLANG_WARN_OBJC_ROOT_CLASS = YES_ERROR;
				CLANG_WARN_UNREACHABLE_CODE = YES;
				CLANG_WARN__DUPLICATE_METHOD_MATCH = YES;
				"CODE_SIGN_IDENTITY[sdk=iphoneos*]" = "iPhone Developer";
				COPY_PHASE_STRIP = NO;
				DEBUG_INFORMATION_FORMAT = "dwarf-with-dsym";
				ENABLE_NS_ASSERTIONS = NO;
				ENABLE_STRICT_OBJC_MSGSEND = YES;
				GCC_C_LANGUAGE_STANDARD = gnu99;
				GCC_NO_COMMON_BLOCKS = YES;
				GCC_WARN_64_TO_32_BIT_CONVERSION = YES;
				GCC_WARN_ABOUT_RETURN_TYPE = YES_ERROR;
				GCC_WARN_UNDECLARED_SELECTOR = YES;
				GCC_WARN_UNINITIALIZED_AUTOS = YES_AGGRESSIVE;
				GCC_WARN_UNUSED_FUNCTION = YES;
				GCC_WARN_UNUSED_VARIABLE = YES;
				IPHONEOS_DEPLOYMENT_TARGET = 8.4;
				MTL_ENABLE_DEBUG_INFO = NO;
				SDKROOT = iphoneos;
				VALIDATE_PRODUCT = YES;
			};
			name = Release;
		};
		FD9487BA1B7D82DB0063FAA9 /* Debug */ = {
			isa = XCBuildConfiguration;
			buildSettings = {
				ASSETCATALOG_COMPILER_APPICON_NAME = AppIcon;
				INFOPLIST_FILE = UIControlCategory/Info.plist;
				LD_RUNPATH_SEARCH_PATHS = "$(inherited) @executable_path/Frameworks";
				PRODUCT_NAME = "$(TARGET_NAME)";
			};
			name = Debug;
		};
		FD9487BB1B7D82DB0063FAA9 /* Release */ = {
			isa = XCBuildConfiguration;
			buildSettings = {
				ASSETCATALOG_COMPILER_APPICON_NAME = AppIcon;
				INFOPLIST_FILE = UIControlCategory/Info.plist;
				LD_RUNPATH_SEARCH_PATHS = "$(inherited) @executable_path/Frameworks";
				PRODUCT_NAME = "$(TARGET_NAME)";
			};
			name = Release;
		};
		FD9487BD1B7D82DB0063FAA9 /* Debug */ = {
			isa = XCBuildConfiguration;
			buildSettings = {
				BUNDLE_LOADER = "$(TEST_HOST)";
				FRAMEWORK_SEARCH_PATHS = (
					"$(SDKROOT)/Developer/Library/Frameworks",
					"$(inherited)",
				);
				GCC_PREPROCESSOR_DEFINITIONS = (
					"DEBUG=1",
					"$(inherited)",
				);
				INFOPLIST_FILE = UIControlCategoryTests/Info.plist;
				LD_RUNPATH_SEARCH_PATHS = "$(inherited) @executable_path/Frameworks @loader_path/Frameworks";
				PRODUCT_NAME = "$(TARGET_NAME)";
				TEST_HOST = "$(BUILT_PRODUCTS_DIR)/UIControlCategory.app/UIControlCategory";
			};
			name = Debug;
		};
		FD9487BE1B7D82DB0063FAA9 /* Release */ = {
			isa = XCBuildConfiguration;
			buildSettings = {
				BUNDLE_LOADER = "$(TEST_HOST)";
				FRAMEWORK_SEARCH_PATHS = (
					"$(SDKROOT)/Developer/Library/Frameworks",
					"$(inherited)",
				);
				INFOPLIST_FILE = UIControlCategoryTests/Info.plist;
				LD_RUNPATH_SEARCH_PATHS = "$(inherited) @executable_path/Frameworks @loader_path/Frameworks";
				PRODUCT_NAME = "$(TARGET_NAME)";
				TEST_HOST = "$(BUILT_PRODUCTS_DIR)/UIControlCategory.app/UIControlCategory";
			};
			name = Release;
		};
/* End XCBuildConfiguration section */

/* Begin XCConfigurationList section */
		FD9487911B7D82DB0063FAA9 /* Build configuration list for PBXProject "UIControlCategory" */ = {
			isa = XCConfigurationList;
			buildConfigurations = (
				FD9487B71B7D82DB0063FAA9 /* Debug */,
				FD9487B81B7D82DB0063FAA9 /* Release */,
			);
			defaultConfigurationIsVisible = 0;
			defaultConfigurationName = Release;
		};
		FD9487B91B7D82DB0063FAA9 /* Build configuration list for PBXNativeTarget "UIControlCategory" */ = {
			isa = XCConfigurationList;
			buildConfigurations = (
				FD9487BA1B7D82DB0063FAA9 /* Debug */,
				FD9487BB1B7D82DB0063FAA9 /* Release */,
			);
			defaultConfigurationIsVisible = 0;
			defaultConfigurationName = Release;
		};
		FD9487BC1B7D82DB0063FAA9 /* Build configuration list for PBXNativeTarget "UIControlCategoryTests" */ = {
			isa = XCConfigurationList;
			buildConfigurations = (
				FD9487BD1B7D82DB0063FAA9 /* Debug */,
				FD9487BE1B7D82DB0063FAA9 /* Release */,
			);
			defaultConfigurationIsVisible = 0;
			defaultConfigurationName = Release;
		};
/* End XCConfigurationList section */
	};
	rootObject = FD94878E1B7D82DB0063FAA9 /* Project object */;
}
